{
  "version": 4,
  "terraform_version": "1.9.7",
  "serial": 3,
  "lineage": "50c34a63-7790-379c-b9d2-104290c0e666",
  "outputs": {},
  "resources": [
    {
      "mode": "managed",
      "type": "azurerm_resource_group",
      "name": "example",
      "provider": "provider[\"registry.terraform.io/hashicorp/azurerm\"]",
      "instances": [
        {
          "schema_version": 0,
          "attributes": {
            "id": "/subscriptions/72c85e04-6d5a-484d-a0ce-325cdfd9fd10/resourceGroups/pranay_resorces",
            "location": "centralindia",
            "name": "pranay_resorces",
            "tags": {},
            "timeouts": null
          },
          "sensitive_attributes": [],
          "private": "eyJlMmJmYjczMC1lY2FhLTExZTYtOGY4OC0zNDM2M2JjN2M0YzAiOnsiY3JlYXRlIjo1NDAwMDAwMDAwMDAwLCJkZWxldGUiOjU0MDAwMDAwMDAwMDAsInJlYWQiOjMwMDAwMDAwMDAwMCwidXBkYXRlIjo1NDAwMDAwMDAwMDAwfX0="
        }
      ]
    },
    {
      "mode": "managed",
      "type": "azurerm_storage_account",
      "name": "example",
      "provider": "provider[\"registry.terraform.io/hashicorp/azurerm\"]",
      "instances": [
        {
          "schema_version": 3,
          "attributes": {
            "access_tier": "Hot",
            "account_kind": "StorageV2",
            "account_replication_type": "LRS",
            "account_tier": "Standard",
            "allow_nested_items_to_be_public": true,
            "azure_files_authentication": [],
            "blob_properties": [
              {
                "change_feed_enabled": false,
                "container_delete_retention_policy": [],
                "cors_rule": [],
                "default_service_version": "",
                "delete_retention_policy": [],
                "last_access_time_enabled": false,
                "versioning_enabled": false
              }
            ],
            "custom_domain": [],
            "customer_managed_key": [],
            "edge_zone": "",
            "enable_https_traffic_only": true,
            "id": "/subscriptions/72c85e04-6d5a-484d-a0ce-325cdfd9fd10/resourceGroups/pranay_resorces/providers/Microsoft.Storage/storageAccounts/storme",
            "identity": [],
            "infrastructure_encryption_enabled": false,
            "is_hns_enabled": false,
            "large_file_share_enabled": null,
            "location": "centralindia",
            "min_tls_version": "TLS1_2",
            "name": "storme",
            "network_rules": [
              {
                "bypass": [
                  "AzureServices"
                ],
                "default_action": "Allow",
                "ip_rules": [],
                "private_link_access": [],
                "virtual_network_subnet_ids": []
              }
            ],
            "nfsv3_enabled": false,
            "primary_access_key": "9oiuhQLNU8xfJi2udnzlJwtNpNL98hVy4Ak3Q737D/w/OnjH+UT1Borihfa+wSPxRfd7ggguQXXL+ASt2te9+Q==",
            "primary_blob_connection_string": "DefaultEndpointsProtocol=https;BlobEndpoint=https://storme.blob.core.windows.net/;AccountName=storme;AccountKey=9oiuhQLNU8xfJi2udnzlJwtNpNL98hVy4Ak3Q737D/w/OnjH+UT1Borihfa+wSPxRfd7ggguQXXL+ASt2te9+Q==",
            "primary_blob_endpoint": "https://storme.blob.core.windows.net/",
            "primary_blob_host": "storme.blob.core.windows.net",
            "primary_connection_string": "DefaultEndpointsProtocol=https;AccountName=storme;AccountKey=9oiuhQLNU8xfJi2udnzlJwtNpNL98hVy4Ak3Q737D/w/OnjH+UT1Borihfa+wSPxRfd7ggguQXXL+ASt2te9+Q==;EndpointSuffix=core.windows.net",
            "primary_dfs_endpoint": "https://storme.dfs.core.windows.net/",
            "primary_dfs_host": "storme.dfs.core.windows.net",
            "primary_file_endpoint": "https://storme.file.core.windows.net/",
            "primary_file_host": "storme.file.core.windows.net",
            "primary_location": "centralindia",
            "primary_queue_endpoint": "https://storme.queue.core.windows.net/",
            "primary_queue_host": "storme.queue.core.windows.net",
            "primary_table_endpoint": "https://storme.table.core.windows.net/",
            "primary_table_host": "storme.table.core.windows.net",
            "primary_web_endpoint": "https://storme.z29.web.core.windows.net/",
            "primary_web_host": "storme.z29.web.core.windows.net",
            "queue_encryption_key_type": "Service",
            "queue_properties": [
              {
                "cors_rule": [],
                "hour_metrics": [
                  {
                    "enabled": true,
                    "include_apis": true,
                    "retention_policy_days": 7,
                    "version": "1.0"
                  }
                ],
                "logging": [
                  {
                    "delete": false,
                    "read": false,
                    "retention_policy_days": 0,
                    "version": "1.0",
                    "write": false
                  }
                ],
                "minute_metrics": [
                  {
                    "enabled": false,
                    "include_apis": false,
                    "retention_policy_days": 0,
                    "version": "1.0"
                  }
                ]
              }
            ],
            "resource_group_name": "pranay_resorces",
            "routing": [],
            "secondary_access_key": "QxwUPLfBXmzW9MZKWAiojAlOeYrNqsWD8i6/SpNqNC3qLNw4UOEiE7EZFt+skKnD4mzazKO4Zkfz+AStjDkpDA==",
            "secondary_blob_connection_string": "",
            "secondary_blob_endpoint": null,
            "secondary_blob_host": null,
            "secondary_connection_string": "DefaultEndpointsProtocol=https;AccountName=storme;AccountKey=QxwUPLfBXmzW9MZKWAiojAlOeYrNqsWD8i6/SpNqNC3qLNw4UOEiE7EZFt+skKnD4mzazKO4Zkfz+AStjDkpDA==;EndpointSuffix=core.windows.net",
            "secondary_dfs_endpoint": null,
            "secondary_dfs_host": null,
            "secondary_file_endpoint": null,
            "secondary_file_host": null,
            "secondary_location": "",
            "secondary_queue_endpoint": null,
            "secondary_queue_host": null,
            "secondary_table_endpoint": null,
            "secondary_table_host": null,
            "secondary_web_endpoint": null,
            "secondary_web_host": null,
            "share_properties": [
              {
                "cors_rule": [],
                "retention_policy": [
                  {
                    "days": 7
                  }
                ],
                "smb": []
              }
            ],
            "shared_access_key_enabled": true,
            "static_website": [],
            "table_encryption_key_type": "Service",
            "tags": null,
            "timeouts": null
          },
          "sensitive_attributes": [
            [
              {
                "type": "get_attr",
                "value": "primary_blob_connection_string"
              }
            ],
            [
              {
                "type": "get_attr",
                "value": "secondary_connection_string"
              }
            ],
            [
              {
                "type": "get_attr",
                "value": "primary_access_key"
              }
            ],
            [
              {
                "type": "get_attr",
                "value": "primary_connection_string"
              }
            ],
            [
              {
                "type": "get_attr",
                "value": "secondary_blob_connection_string"
              }
            ],
            [
              {
                "type": "get_attr",
                "value": "secondary_access_key"
              }
            ]
          ],
          "private": "eyJlMmJmYjczMC1lY2FhLTExZTYtOGY4OC0zNDM2M2JjN2M0YzAiOnsiY3JlYXRlIjozNjAwMDAwMDAwMDAwLCJkZWxldGUiOjM2MDAwMDAwMDAwMDAsInJlYWQiOjMwMDAwMDAwMDAwMCwidXBkYXRlIjozNjAwMDAwMDAwMDAwfSwic2NoZW1hX3ZlcnNpb24iOiIzIn0=",
          "dependencies": [
            "azurerm_resource_group.example"
          ]
        }
      ]
    }
  ],
  "check_results": null
}
